
Microsoft Visual Studio Solution File, Format Version 12.00
# Visual Studio Version 17
VisualStudioVersion = 17.7.34003.232
MinimumVisualStudioVersion = 10.0.40219.1
Project("{8BC9CEB8-8B4A-11D0-8D11-00A0C91BC942}") = "WTProblem", "WTProblem.vcxproj", "{AA09CF99-EACC-43E2-BB35-56DAA3C2CBAC}"
EndProject
Global
	GlobalSection(SolutionConfigurationPlatforms) = preSolution
		Debug|x64 = Debug|x64
		Debug|x86 = Debug|x86
		Release|x64 = Release|x64
		Release|x86 = Release|x86
	EndGlobalSection
	GlobalSection(ProjectConfigurationPlatforms) = postSolution
		{AA09CF99-EACC-43E2-BB35-56DAA3C2CBAC}.Debug|x64.ActiveCfg = Debug|x64
		{AA09CF99-EACC-43E2-BB35-56DAA3C2CBAC}.Debug|x64.Build.0 = Debug|x64
		{AA09CF99-EACC-43E2-BB35-56DAA3C2CBAC}.Debug|x86.ActiveCfg = Debug|Win32
		{AA09CF99-EACC-43E2-BB35-56DAA3C2CBAC}.Debug|x86.Build.0 = Debug|Win32
		{AA09CF99-EACC-43E2-BB35-56DAA3C2CBAC}.Release|x64.ActiveCfg = Release|x64
		{AA09CF99-EACC-43E2-BB35-56DAA3C2CBAC}.Release|x64.Build.0 = Release|x64
		{AA09CF99-EACC-43E2-BB35-56DAA3C2CBAC}.Release|x86.ActiveCfg = Release|Win32
		{AA09CF99-EACC-43E2-BB35-56DAA3C2CBAC}.Release|x86.Build.0 = Release|Win32
	EndGlobalSection
	GlobalSection(SolutionProperties) = preSolution
		HideSolutionNode = FALSE
	EndGlobalSection
	GlobalSection(ExtensibilityGlobals) = postSolution
		SolutionGuid = {4F92FF57-8599-4DC8-BB1C-01DDAB3AAD17}
	EndGlobalSection
EndGlobal
